
Microsoft Visual Studio Solution File, Format Version 12.00
# Visual Studio Version 17
VisualStudioVersion = 17.4.33213.308
MinimumVisualStudioVersion = 10.0.40219.1
Project("{FAE04EC0-301F-11D3-BF4B-00C04F79EFBC}") = "MasaTestProject", "MasaTestProject\MasaTestProject.csproj", "{CF95CAB5-3A7D-44AC-A81A-F9A102F0648C}"
EndProject
Global
	GlobalSection(SolutionConfigurationPlatforms) = preSolution
		Debug|Any CPU = Debug|Any CPU
		Release|Any CPU = Release|Any CPU
	EndGlobalSection
	GlobalSection(ProjectConfigurationPlatforms) = postSolution
		{CF95CAB5-3A7D-44AC-A81A-F9A102F0648C}.Debug|Any CPU.ActiveCfg = Debug|Any CPU
		{CF95CAB5-3A7D-44AC-A81A-F9A102F0648C}.Debug|Any CPU.Build.0 = Debug|Any CPU
		{CF95CAB5-3A7D-44AC-A81A-F9A102F0648C}.Release|Any CPU.ActiveCfg = Release|Any CPU
		{CF95CAB5-3A7D-44AC-A81A-F9A102F0648C}.Release|Any CPU.Build.0 = Release|Any CPU
	EndGlobalSection
	GlobalSection(SolutionProperties) = preSolution
		HideSolutionNode = FALSE
	EndGlobalSection
	GlobalSection(ExtensibilityGlobals) = postSolution
		SolutionGuid = {8F86B53A-428C-434B-9C29-73DFCA9185E0}
	EndGlobalSection
EndGlobal
